
Microsoft Visual Studio Solution File, Format Version 12.00
# Visual Studio 15
VisualStudioVersion = 15.0.28307.438
MinimumVisualStudioVersion = 10.0.40219.1
Project("{FAE04EC0-301F-11D3-BF4B-00C04F79EFBC}") = "supermarketSys", "supermarketSys\supermarketSys.csproj", "{625CB115-1887-4ADD-88F2-E26C2922ACD0}"
EndProject
Global
	GlobalSection(SolutionConfigurationPlatforms) = preSolution
		Debug|Any CPU = Debug|Any CPU
		Release|Any CPU = Release|Any CPU
	EndGlobalSection
	GlobalSection(ProjectConfigurationPlatforms) = postSolution
		{625CB115-1887-4ADD-88F2-E26C2922ACD0}.Debug|Any CPU.ActiveCfg = Debug|Any CPU
		{625CB115-1887-4ADD-88F2-E26C2922ACD0}.Debug|Any CPU.Build.0 = Debug|Any CPU
		{625CB115-1887-4ADD-88F2-E26C2922ACD0}.Release|Any CPU.ActiveCfg = Release|Any CPU
		{625CB115-1887-4ADD-88F2-E26C2922ACD0}.Release|Any CPU.Build.0 = Release|Any CPU
	EndGlobalSection
	GlobalSection(SolutionProperties) = preSolution
		HideSolutionNode = FALSE
	EndGlobalSection
	GlobalSection(ExtensibilityGlobals) = postSolution
		SolutionGuid = {5FC4AAE3-4A66-4C31-8213-411761FB6698}
	EndGlobalSection
EndGlobal
